
Microsoft Visual Studio Solution File, Format Version 12.00
# Visual Studio Version 17
VisualStudioVersion = 17.14.36301.6 d17.14
MinimumVisualStudioVersion = 10.0.40219.1
Project("{FAE04EC0-301F-11D3-BF4B-00C04F79EFBC}") = "Timezones", "Timezones\Timezones.csproj", "{BE4CD4F1-8F84-49F0-A24E-66176CCE2BA5}"
EndProject
Global
	GlobalSection(SolutionConfigurationPlatforms) = preSolution
		Debug|Any CPU = Debug|Any CPU
		Release|Any CPU = Release|Any CPU
	EndGlobalSection
	GlobalSection(ProjectConfigurationPlatforms) = postSolution
		{BE4CD4F1-8F84-49F0-A24E-66176CCE2BA5}.Debug|Any CPU.ActiveCfg = Debug|Any CPU
		{BE4CD4F1-8F84-49F0-A24E-66176CCE2BA5}.Debug|Any CPU.Build.0 = Debug|Any CPU
		{BE4CD4F1-8F84-49F0-A24E-66176CCE2BA5}.Release|Any CPU.ActiveCfg = Release|Any CPU
		{BE4CD4F1-8F84-49F0-A24E-66176CCE2BA5}.Release|Any CPU.Build.0 = Release|Any CPU
	EndGlobalSection
	GlobalSection(SolutionProperties) = preSolution
		HideSolutionNode = FALSE
	EndGlobalSection
	GlobalSection(ExtensibilityGlobals) = postSolution
		SolutionGuid = {51BFC0AE-5DB8-424B-9789-888E98F9DE1B}
	EndGlobalSection
EndGlobal
